
Microsoft Visual Studio Solution File, Format Version 12.00
# Visual Studio Version 17
VisualStudioVersion = 17.8.34330.188
MinimumVisualStudioVersion = 10.0.40219.1
Project("{9A19103F-16F7-4668-BE54-9A1E7A4F7556}") = "GalleryBusiness", "Business\GalleryBusiness.csproj", "{7C3B04B5-DA5E-4F1A-BB54-2D76EC501277}"
EndProject
Project("{9A19103F-16F7-4668-BE54-9A1E7A4F7556}") = "GalleryDataAccess", "DataAccess\GalleryDataAccess.csproj", "{9729F3A4-CBF3-444C-95F2-8B10136421D0}"
EndProject
Project("{9A19103F-16F7-4668-BE54-9A1E7A4F7556}") = "GalleryRepositories", "Repositories\GalleryRepositories.csproj", "{8477C448-D10F-4EE6-9020-FE34705DE473}"
EndProject
Project("{FAE04EC0-301F-11D3-BF4B-00C04F79EFBC}") = "GalleryWebApp", "GalleryWebApp\GalleryWebApp.csproj", "{067B42EC-1924-4ABE-BF24-61E903659E8B}"
EndProject
Project("{FAE04EC0-301F-11D3-BF4B-00C04F79EFBC}") = "GalleryWPFApp", "GalleryWPFApp\GalleryWPFApp.csproj", "{0731D682-1E93-4872-82C8-B01E92122E69}"
EndProject
Global
	GlobalSection(SolutionConfigurationPlatforms) = preSolution
		Debug|Any CPU = Debug|Any CPU
		Release|Any CPU = Release|Any CPU
	EndGlobalSection
	GlobalSection(ProjectConfigurationPlatforms) = postSolution
		{7C3B04B5-DA5E-4F1A-BB54-2D76EC501277}.Debug|Any CPU.ActiveCfg = Debug|Any CPU
		{7C3B04B5-DA5E-4F1A-BB54-2D76EC501277}.Debug|Any CPU.Build.0 = Debug|Any CPU
		{7C3B04B5-DA5E-4F1A-BB54-2D76EC501277}.Release|Any CPU.ActiveCfg = Release|Any CPU
		{7C3B04B5-DA5E-4F1A-BB54-2D76EC501277}.Release|Any CPU.Build.0 = Release|Any CPU
		{9729F3A4-CBF3-444C-95F2-8B10136421D0}.Debug|Any CPU.ActiveCfg = Debug|Any CPU
		{9729F3A4-CBF3-444C-95F2-8B10136421D0}.Debug|Any CPU.Build.0 = Debug|Any CPU
		{9729F3A4-CBF3-444C-95F2-8B10136421D0}.Release|Any CPU.ActiveCfg = Release|Any CPU
		{9729F3A4-CBF3-444C-95F2-8B10136421D0}.Release|Any CPU.Build.0 = Release|Any CPU
		{8477C448-D10F-4EE6-9020-FE34705DE473}.Debug|Any CPU.ActiveCfg = Debug|Any CPU
		{8477C448-D10F-4EE6-9020-FE34705DE473}.Debug|Any CPU.Build.0 = Debug|Any CPU
		{8477C448-D10F-4EE6-9020-FE34705DE473}.Release|Any CPU.ActiveCfg = Release|Any CPU
		{8477C448-D10F-4EE6-9020-FE34705DE473}.Release|Any CPU.Build.0 = Release|Any CPU
		{067B42EC-1924-4ABE-BF24-61E903659E8B}.Debug|Any CPU.ActiveCfg = Debug|Any CPU
		{067B42EC-1924-4ABE-BF24-61E903659E8B}.Debug|Any CPU.Build.0 = Debug|Any CPU
		{067B42EC-1924-4ABE-BF24-61E903659E8B}.Release|Any CPU.ActiveCfg = Release|Any CPU
		{067B42EC-1924-4ABE-BF24-61E903659E8B}.Release|Any CPU.Build.0 = Release|Any CPU
		{0731D682-1E93-4872-82C8-B01E92122E69}.Debug|Any CPU.ActiveCfg = Debug|Any CPU
		{0731D682-1E93-4872-82C8-B01E92122E69}.Debug|Any CPU.Build.0 = Debug|Any CPU
		{0731D682-1E93-4872-82C8-B01E92122E69}.Release|Any CPU.ActiveCfg = Release|Any CPU
		{0731D682-1E93-4872-82C8-B01E92122E69}.Release|Any CPU.Build.0 = Release|Any CPU
	EndGlobalSection
	GlobalSection(SolutionProperties) = preSolution
		HideSolutionNode = FALSE
	EndGlobalSection
	GlobalSection(ExtensibilityGlobals) = postSolution
		SolutionGuid = {843AAAC0-FC60-41E4-998C-5E88491D2B86}
	EndGlobalSection
EndGlobal
