
Microsoft Visual Studio Solution File, Format Version 12.00
# Visual Studio Version 17
VisualStudioVersion = 17.8.34330.188
MinimumVisualStudioVersion = 10.0.40219.1
Project("{FAE04EC0-301F-11D3-BF4B-00C04F79EFBC}") = "Slot2", "Slot2.csproj", "{ED6A2099-4336-4F7A-9677-601D85E64430}"
EndProject
Global
	GlobalSection(SolutionConfigurationPlatforms) = preSolution
		Debug|Any CPU = Debug|Any CPU
		Release|Any CPU = Release|Any CPU
	EndGlobalSection
	GlobalSection(ProjectConfigurationPlatforms) = postSolution
		{ED6A2099-4336-4F7A-9677-601D85E64430}.Debug|Any CPU.ActiveCfg = Debug|Any CPU
		{ED6A2099-4336-4F7A-9677-601D85E64430}.Debug|Any CPU.Build.0 = Debug|Any CPU
		{ED6A2099-4336-4F7A-9677-601D85E64430}.Release|Any CPU.ActiveCfg = Release|Any CPU
		{ED6A2099-4336-4F7A-9677-601D85E64430}.Release|Any CPU.Build.0 = Release|Any CPU
	EndGlobalSection
	GlobalSection(SolutionProperties) = preSolution
		HideSolutionNode = FALSE
	EndGlobalSection
	GlobalSection(ExtensibilityGlobals) = postSolution
		SolutionGuid = {F9388CBD-8BE8-4712-A1AC-8B9D07944019}
	EndGlobalSection
EndGlobal
